
Microsoft Visual Studio Solution File, Format Version 12.00
# Visual Studio Version 16
VisualStudioVersion = 16.0.30204.135
MinimumVisualStudioVersion = 10.0.40219.1
Project("{9A19103F-16F7-4668-BE54-9A1E7A4F7556}") = "SqlExtensionSamples", "samples\SqlExtensionSamples\SqlExtensionSamples.csproj", "{B2E0EFB9-BEDB-48F7-BD5A-0E1010333475}"
EndProject
Project("{9A19103F-16F7-4668-BE54-9A1E7A4F7556}") = "SqlBinding", "src\SqlBinding\SqlBinding.csproj", "{4453B407-2CA3-4011-BDE5-247FCE5C1974}"
EndProject
Project("{9A19103F-16F7-4668-BE54-9A1E7A4F7556}") = "SqlExtension.Tests", "test\SQLExtension.tests\SqlExtension.Tests.csproj", "{A5B55530-71C8-4A9A-92AD-1D33A5E80FC1}"
EndProject
Project("{2150E333-8FDC-42A3-9474-1A3956D46DE8}") = "src", "src", "{21CDC01C-247B-46B0-A8F5-9D35686C628B}"
EndProject
Project("{2150E333-8FDC-42A3-9474-1A3956D46DE8}") = "test", "test", "{F7E99EB5-47D3-4B50-A6AA-D8D5508A121A}"
EndProject
Project("{2150E333-8FDC-42A3-9474-1A3956D46DE8}") = "samples", "samples", "{3691FB44-971D-43FD-9B2F-916B8CE689DB}"
EndProject
Global
	GlobalSection(SolutionConfigurationPlatforms) = preSolution
		Debug|Any CPU = Debug|Any CPU
		Release|Any CPU = Release|Any CPU
	EndGlobalSection
	GlobalSection(ProjectConfigurationPlatforms) = postSolution
		{B2E0EFB9-BEDB-48F7-BD5A-0E1010333475}.Debug|Any CPU.ActiveCfg = Debug|Any CPU
		{B2E0EFB9-BEDB-48F7-BD5A-0E1010333475}.Debug|Any CPU.Build.0 = Debug|Any CPU
		{B2E0EFB9-BEDB-48F7-BD5A-0E1010333475}.Release|Any CPU.ActiveCfg = Release|Any CPU
		{B2E0EFB9-BEDB-48F7-BD5A-0E1010333475}.Release|Any CPU.Build.0 = Release|Any CPU
		{4453B407-2CA3-4011-BDE5-247FCE5C1974}.Debug|Any CPU.ActiveCfg = Debug|Any CPU
		{4453B407-2CA3-4011-BDE5-247FCE5C1974}.Debug|Any CPU.Build.0 = Debug|Any CPU
		{4453B407-2CA3-4011-BDE5-247FCE5C1974}.Release|Any CPU.ActiveCfg = Release|Any CPU
		{4453B407-2CA3-4011-BDE5-247FCE5C1974}.Release|Any CPU.Build.0 = Release|Any CPU
		{A5B55530-71C8-4A9A-92AD-1D33A5E80FC1}.Debug|Any CPU.ActiveCfg = Debug|Any CPU
		{A5B55530-71C8-4A9A-92AD-1D33A5E80FC1}.Debug|Any CPU.Build.0 = Debug|Any CPU
		{A5B55530-71C8-4A9A-92AD-1D33A5E80FC1}.Release|Any CPU.ActiveCfg = Release|Any CPU
		{A5B55530-71C8-4A9A-92AD-1D33A5E80FC1}.Release|Any CPU.Build.0 = Release|Any CPU
	EndGlobalSection
	GlobalSection(SolutionProperties) = preSolution
		HideSolutionNode = FALSE
	EndGlobalSection
	GlobalSection(NestedProjects) = preSolution
		{B2E0EFB9-BEDB-48F7-BD5A-0E1010333475} = {3691FB44-971D-43FD-9B2F-916B8CE689DB}
		{4453B407-2CA3-4011-BDE5-247FCE5C1974} = {21CDC01C-247B-46B0-A8F5-9D35686C628B}
		{A5B55530-71C8-4A9A-92AD-1D33A5E80FC1} = {F7E99EB5-47D3-4B50-A6AA-D8D5508A121A}
	EndGlobalSection
	GlobalSection(ExtensibilityGlobals) = postSolution
		SolutionGuid = {49902AA5-150F-4567-B562-4AA8549B2CF4}
	EndGlobalSection
EndGlobal
