
Microsoft Visual Studio Solution File, Format Version 12.00
# Visual Studio Version 17
VisualStudioVersion = 17.3.32929.385
MinimumVisualStudioVersion = 10.0.40219.1
Project("{9A19103F-16F7-4668-BE54-9A1E7A4F7556}") = "Microsoft.Azure.WebJobs.Extensions.Sql.Samples", "samples\samples-csharp\Microsoft.Azure.WebJobs.Extensions.Sql.Samples.csproj", "{B2E0EFB9-BEDB-48F7-BD5A-0E1010333475}"
EndProject
Project("{9A19103F-16F7-4668-BE54-9A1E7A4F7556}") = "Microsoft.Azure.WebJobs.Extensions.Sql", "src\Microsoft.Azure.WebJobs.Extensions.Sql.csproj", "{4453B407-2CA3-4011-BDE5-247FCE5C1974}"
EndProject
Project("{9A19103F-16F7-4668-BE54-9A1E7A4F7556}") = "Microsoft.Azure.WebJobs.Extensions.Sql.Tests", "test\Microsoft.Azure.WebJobs.Extensions.Sql.Tests.csproj", "{A5B55530-71C8-4A9A-92AD-1D33A5E80FC1}"
EndProject
Project("{2150E333-8FDC-42A3-9474-1A3956D46DE8}") = "src", "src", "{21CDC01C-247B-46B0-A8F5-9D35686C628B}"
EndProject
Project("{2150E333-8FDC-42A3-9474-1A3956D46DE8}") = "test", "test", "{F7E99EB5-47D3-4B50-A6AA-D8D5508A121A}"
EndProject
Project("{2150E333-8FDC-42A3-9474-1A3956D46DE8}") = "samples", "samples", "{3691FB44-971D-43FD-9B2F-916B8CE689DB}"
EndProject
Project("{2150E333-8FDC-42A3-9474-1A3956D46DE8}") = "Solution Items", "Solution Items", "{CB5E23C3-00FF-4890-B55D-A2E99E583493}"
	ProjectSection(SolutionItems) = preProject
		.editorconfig = .editorconfig
	EndProjectSection
EndProject
Project("{9A19103F-16F7-4668-BE54-9A1E7A4F7556}") = "Microsoft.Azure.WebJobs.Extensions.Sql.Performance", "performance\Microsoft.Azure.WebJobs.Extensions.Sql.Performance.csproj", "{1A5148B7-F877-4813-852C-F94D6EF795E8}"
EndProject
Project("{2150E333-8FDC-42A3-9474-1A3956D46DE8}") = "performance", "performance", "{F0F3562F-9176-4461-98E4-13D38D3DD056}"
EndProject
Project("{FAE04EC0-301F-11D3-BF4B-00C04F79EFBC}") = "Microsoft.Azure.WebJobs.Extensions.Sql.SamplesOutOfProc", "samples\samples-outofproc\Microsoft.Azure.WebJobs.Extensions.Sql.SamplesOutOfProc.csproj", "{BD0CE086-1778-4B08-905F-6766399C1D44}"
EndProject
Project("{FAE04EC0-301F-11D3-BF4B-00C04F79EFBC}") = "test-outofproc", "test-outofproc\test-outofproc.csproj", "{4E09227F-3F7C-4FAC-997A-24EB799CEC61}"
EndProject
Project("{2150E333-8FDC-42A3-9474-1A3956D46DE8}") = "Worker.Extensions.Sql", "Worker.Extensions.Sql", "{D5212466-7F2E-4E6E-A939-12286F4BF53C}"
EndProject
Project("{FAE04EC0-301F-11D3-BF4B-00C04F79EFBC}") = "Microsoft.Azure.Functions.Worker.Extensions.Sql", "Worker.Extensions.Sql\src\Microsoft.Azure.Functions.Worker.Extensions.Sql.csproj", "{08A2C78A-E494-4B45-94FF-BE199DE0ACC4}"
EndProject
Project("{FAE04EC0-301F-11D3-BF4B-00C04F79EFBC}") = "samples-csharpscript", "samples\samples-csharpscript\samples-csharpscript.csproj", "{C1866701-2103-4129-A57E-65607B65D3BB}"
EndProject
Global
	GlobalSection(SolutionConfigurationPlatforms) = preSolution
		Debug|Any CPU = Debug|Any CPU
		Release|Any CPU = Release|Any CPU
	EndGlobalSection
	GlobalSection(ProjectConfigurationPlatforms) = postSolution
		{B2E0EFB9-BEDB-48F7-BD5A-0E1010333475}.Debug|Any CPU.ActiveCfg = Debug|Any CPU
		{B2E0EFB9-BEDB-48F7-BD5A-0E1010333475}.Debug|Any CPU.Build.0 = Debug|Any CPU
		{B2E0EFB9-BEDB-48F7-BD5A-0E1010333475}.Release|Any CPU.ActiveCfg = Release|Any CPU
		{B2E0EFB9-BEDB-48F7-BD5A-0E1010333475}.Release|Any CPU.Build.0 = Release|Any CPU
		{4453B407-2CA3-4011-BDE5-247FCE5C1974}.Debug|Any CPU.ActiveCfg = Debug|Any CPU
		{4453B407-2CA3-4011-BDE5-247FCE5C1974}.Debug|Any CPU.Build.0 = Debug|Any CPU
		{4453B407-2CA3-4011-BDE5-247FCE5C1974}.Release|Any CPU.ActiveCfg = Release|Any CPU
		{4453B407-2CA3-4011-BDE5-247FCE5C1974}.Release|Any CPU.Build.0 = Release|Any CPU
		{A5B55530-71C8-4A9A-92AD-1D33A5E80FC1}.Debug|Any CPU.ActiveCfg = Debug|Any CPU
		{A5B55530-71C8-4A9A-92AD-1D33A5E80FC1}.Debug|Any CPU.Build.0 = Debug|Any CPU
		{A5B55530-71C8-4A9A-92AD-1D33A5E80FC1}.Release|Any CPU.ActiveCfg = Release|Any CPU
		{A5B55530-71C8-4A9A-92AD-1D33A5E80FC1}.Release|Any CPU.Build.0 = Release|Any CPU
		{1A5148B7-F877-4813-852C-F94D6EF795E8}.Debug|Any CPU.ActiveCfg = Debug|Any CPU
		{1A5148B7-F877-4813-852C-F94D6EF795E8}.Debug|Any CPU.Build.0 = Debug|Any CPU
		{1A5148B7-F877-4813-852C-F94D6EF795E8}.Release|Any CPU.ActiveCfg = Release|Any CPU
		{1A5148B7-F877-4813-852C-F94D6EF795E8}.Release|Any CPU.Build.0 = Release|Any CPU
		{BD0CE086-1778-4B08-905F-6766399C1D44}.Debug|Any CPU.ActiveCfg = Debug|Any CPU
		{BD0CE086-1778-4B08-905F-6766399C1D44}.Debug|Any CPU.Build.0 = Debug|Any CPU
		{BD0CE086-1778-4B08-905F-6766399C1D44}.Release|Any CPU.ActiveCfg = Release|Any CPU
		{BD0CE086-1778-4B08-905F-6766399C1D44}.Release|Any CPU.Build.0 = Release|Any CPU
		{4E09227F-3F7C-4FAC-997A-24EB799CEC61}.Debug|Any CPU.ActiveCfg = Debug|Any CPU
		{4E09227F-3F7C-4FAC-997A-24EB799CEC61}.Debug|Any CPU.Build.0 = Debug|Any CPU
		{4E09227F-3F7C-4FAC-997A-24EB799CEC61}.Release|Any CPU.ActiveCfg = Release|Any CPU
		{4E09227F-3F7C-4FAC-997A-24EB799CEC61}.Release|Any CPU.Build.0 = Release|Any CPU
		{08A2C78A-E494-4B45-94FF-BE199DE0ACC4}.Debug|Any CPU.ActiveCfg = Debug|Any CPU
		{08A2C78A-E494-4B45-94FF-BE199DE0ACC4}.Debug|Any CPU.Build.0 = Debug|Any CPU
		{08A2C78A-E494-4B45-94FF-BE199DE0ACC4}.Release|Any CPU.ActiveCfg = Release|Any CPU
		{08A2C78A-E494-4B45-94FF-BE199DE0ACC4}.Release|Any CPU.Build.0 = Release|Any CPU
		{C1866701-2103-4129-A57E-65607B65D3BB}.Debug|Any CPU.ActiveCfg = Debug|Any CPU
		{C1866701-2103-4129-A57E-65607B65D3BB}.Debug|Any CPU.Build.0 = Debug|Any CPU
		{C1866701-2103-4129-A57E-65607B65D3BB}.Release|Any CPU.ActiveCfg = Release|Any CPU
		{C1866701-2103-4129-A57E-65607B65D3BB}.Release|Any CPU.Build.0 = Release|Any CPU
	EndGlobalSection
	GlobalSection(SolutionProperties) = preSolution
		HideSolutionNode = FALSE
	EndGlobalSection
	GlobalSection(NestedProjects) = preSolution
		{B2E0EFB9-BEDB-48F7-BD5A-0E1010333475} = {3691FB44-971D-43FD-9B2F-916B8CE689DB}
		{4453B407-2CA3-4011-BDE5-247FCE5C1974} = {21CDC01C-247B-46B0-A8F5-9D35686C628B}
		{A5B55530-71C8-4A9A-92AD-1D33A5E80FC1} = {F7E99EB5-47D3-4B50-A6AA-D8D5508A121A}
		{1A5148B7-F877-4813-852C-F94D6EF795E8} = {F0F3562F-9176-4461-98E4-13D38D3DD056}
		{BD0CE086-1778-4B08-905F-6766399C1D44} = {3691FB44-971D-43FD-9B2F-916B8CE689DB}
		{08A2C78A-E494-4B45-94FF-BE199DE0ACC4} = {D5212466-7F2E-4E6E-A939-12286F4BF53C}
		{C1866701-2103-4129-A57E-65607B65D3BB} = {3691FB44-971D-43FD-9B2F-916B8CE689DB}
	EndGlobalSection
	GlobalSection(ExtensibilityGlobals) = postSolution
		SolutionGuid = {49902AA5-150F-4567-B562-4AA8549B2CF4}
	EndGlobalSection
EndGlobal
