{
  "version": 2,
  "dependencies": {
    "net6.0": {
      "Microsoft.Azure.Functions.Worker.Extensions.Abstractions": {
        "type": "Direct",
        "requested": "[1.3.0, )",
        "resolved": "1.3.0",
        "contentHash": "+6+/Yb/ouWUweaSQhesbbiIVSmwYEzkSfjIHrBnNqIiCYnx2iLeoYyWjN/wHP3Fnn5COtyDXRDwHKr5A/tCL9Q=="
      }
    }
  }
}