{
  "version": 2,
  "dependencies": {
    "net6.0": {
      "Microsoft.Azure.Functions.Worker.Extensions.Abstractions": {
        "type": "Direct",
        "requested": "[1.2.0, )",
        "resolved": "1.2.0",
        "contentHash": "7ANdnQrJcYCIcdhjfvll2jOZpCPz9JAuOcYam81SlZPpDSgeaHI9X1btTqtn7YyaGoyx5eu2QTvoDy2KDmLoTQ=="
      }
    }
  }
}